
Microsoft Visual Studio Solution File, Format Version 12.00
# Visual Studio Version 17
VisualStudioVersion = 17.10.35027.167
MinimumVisualStudioVersion = 10.0.40219.1
Project("{FAE04EC0-301F-11D3-BF4B-00C04F79EFBC}") = "Sampas_Mobil_Etkinlik", "Sampas_Mobil_Etkinlik.csproj", "{A75BC300-1B2E-4491-97B2-5FA6F5AE8F81}"
EndProject
Global
	GlobalSection(SolutionConfigurationPlatforms) = preSolution
		Debug|Any CPU = Debug|Any CPU
		Release|Any CPU = Release|Any CPU
	EndGlobalSection
	GlobalSection(ProjectConfigurationPlatforms) = postSolution
		{A75BC300-1B2E-4491-97B2-5FA6F5AE8F81}.Debug|Any CPU.ActiveCfg = Debug|Any CPU
		{A75BC300-1B2E-4491-97B2-5FA6F5AE8F81}.Debug|Any CPU.Build.0 = Debug|Any CPU
		{A75BC300-1B2E-4491-97B2-5FA6F5AE8F81}.Release|Any CPU.ActiveCfg = Release|Any CPU
		{A75BC300-1B2E-4491-97B2-5FA6F5AE8F81}.Release|Any CPU.Build.0 = Release|Any CPU
	EndGlobalSection
	GlobalSection(SolutionProperties) = preSolution
		HideSolutionNode = FALSE
	EndGlobalSection
	GlobalSection(ExtensibilityGlobals) = postSolution
		SolutionGuid = {F44A339E-08E4-4F43-A1D2-E7D56A6F7C66}
	EndGlobalSection
EndGlobal
